schema: '1.0'
name: dogfood-packages
last_apply: 2026-03-06T14:21:42Z
generator: forjar 1.1.1
machines:
  user-host:
    resources: 7
    converged: 1
    failed: 0
    last_apply: 2026-03-01T17:04:05Z
  gpu-host:
    resources: 4
    converged: 0
    failed: 0
    last_apply: 2026-03-02T08:19:22Z
  test-box:
    resources: 3
    converged: 0
    failed: 0
    last_apply: 2026-03-06T14:21:42Z
